
Microsoft Visual Studio Solution File, Format Version 10.00
# Visual Studio 2008
Project("{8BC9CEB8-8B4A-11D0-8D11-00A0C91BC942}") = "RecvServer_Console", "RecvServer_Console.vcproj", "{97BCBBBE-EDC7-4055-9E3C-E70273274615}"
EndProject
Global
	GlobalSection(SolutionConfigurationPlatforms) = preSolution
		Debug|Win32 = Debug|Win32
		Release|Win32 = Release|Win32
	EndGlobalSection
	GlobalSection(ProjectConfigurationPlatforms) = postSolution
		{97BCBBBE-EDC7-4055-9E3C-E70273274615}.Debug|Win32.ActiveCfg = Debug|Win32
		{97BCBBBE-EDC7-4055-9E3C-E70273274615}.Debug|Win32.Build.0 = Debug|Win32
		{97BCBBBE-EDC7-4055-9E3C-E70273274615}.Release|Win32.ActiveCfg = Release|Win32
		{97BCBBBE-EDC7-4055-9E3C-E70273274615}.Release|Win32.Build.0 = Release|Win32
	EndGlobalSection
	GlobalSection(SolutionProperties) = preSolution
		HideSolutionNode = FALSE
	EndGlobalSection
EndGlobal
