
Microsoft Visual Studio Solution File, Format Version 10.00
# Visual Studio 2008
Project("{FAE04EC0-301F-11D3-BF4B-00C04F79EFBC}") = "Intervaler", "Intervaler\Intervaler.csproj", "{37673E40-1FCB-40DD-B481-D8B55DB47DCB}"
EndProject
Global
	GlobalSection(SolutionConfigurationPlatforms) = preSolution
		Debug|Any CPU = Debug|Any CPU
		Release|Any CPU = Release|Any CPU
	EndGlobalSection
	GlobalSection(ProjectConfigurationPlatforms) = postSolution
		{37673E40-1FCB-40DD-B481-D8B55DB47DCB}.Debug|Any CPU.ActiveCfg = Debug|Any CPU
		{37673E40-1FCB-40DD-B481-D8B55DB47DCB}.Debug|Any CPU.Build.0 = Debug|Any CPU
		{37673E40-1FCB-40DD-B481-D8B55DB47DCB}.Release|Any CPU.ActiveCfg = Release|Any CPU
		{37673E40-1FCB-40DD-B481-D8B55DB47DCB}.Release|Any CPU.Build.0 = Release|Any CPU
	EndGlobalSection
	GlobalSection(SolutionProperties) = preSolution
		HideSolutionNode = FALSE
	EndGlobalSection
EndGlobal
